// !$*UTF8*$!
{
	archiveVersion = 1;
	classes = {
	};
	objectVersion = 50;
	objects = {

/* Begin PBXBuildFile section */
		B8920A0023C7551200CF83FA /* AppDelegate.swift in Sources */ = {isa = PBXBuildFile; fileRef = B89209FF23C7551200CF83FA /* AppDelegate.swift */; };
		B8920A0223C7551200CF83FA /* SceneDelegate.swift in Sources */ = {isa = PBXBuildFile; fileRef = B8920A0123C7551200CF83FA /* SceneDelegate.swift */; };
		B8920A0523C7551200CF83FA /* touchid.xcdatamodeld in Sources */ = {isa = PBXBuildFile; fileRef = B8920A0323C7551200CF83FA /* touchid.xcdatamodeld */; };
		B8920A0723C7551200CF83FA /* ContentView.swift in Sources */ = {isa = PBXBuildFile; fileRef = B8920A0623C7551200CF83FA /* ContentView.swift */; };
		B8920A0923C7551300CF83FA /* Assets.xcassets in Resources */ = {isa = PBXBuildFile; fileRef = B8920A0823C7551300CF83FA /* Assets.xcassets */; };
		B8920A0C23C7551300CF83FA /* Preview Assets.xcassets in Resources */ = {isa = PBXBuildFile; fileRef = B8920A0B23C7551300CF83FA /* Preview Assets.xcassets */; };
		B8920A0F23C7551300CF83FA /* LaunchScreen.storyboard in Resources */ = {isa = PBXBuildFile; fileRef = B8920A0D23C7551300CF83FA /* LaunchScreen.storyboard */; };
/* End PBXBuildFile section */

/* Begin PBXFileReference section */
		B89209FC23C7551200CF83FA /* touchid.app */ = {isa = PBXFileReference; explicitFileType = wrapper.application; includeInIndex = 0; path = touchid.app; sourceTree = BUILT_PRODUCTS_DIR; };
		B89209FF23C7551200CF83FA /* AppDelegate.swift */ = {isa = PBXFileReference; lastKnownFileType = sourcecode.swift; path = AppDelegate.swift; sourceTree = "<group>"; };
		B8920A0123C7551200CF83FA /* SceneDelegate.swift */ = {isa = PBXFileReference; lastKnownFileType = sourcecode.swift; path = SceneDelegate.swift; sourceTree = "<group>"; };
		B8920A0423C7551200CF83FA /* touchid.xcdatamodel */ = {isa = PBXFileReference; lastKnownFileType = wrapper.xcdatamodel; path = touchid.xcdatamodel; sourceTree = "<group>"; };
		B8920A0623C7551200CF83FA /* ContentView.swift */ = {isa = PBXFileReference; lastKnownFileType = sourcecode.swift; path = ContentView.swift; sourceTree = "<group>"; };
		B8920A0823C7551300CF83FA /* Assets.xcassets */ = {isa = PBXFileReference; lastKnownFileType = folder.assetcatalog; path = Assets.xcassets; sourceTree = "<group>"; };
		B8920A0B23C7551300CF83FA /* Preview Assets.xcassets */ = {isa = PBXFileReference; lastKnownFileType = folder.assetcatalog; path = "Preview Assets.xcassets"; sourceTree = "<group>"; };
		B8920A0E23C7551300CF83FA /* Base */ = {isa = PBXFileReference; lastKnownFileType = file.storyboard; name = Base; path = Base.lproj/LaunchScreen.storyboard; sourceTree = "<group>"; };
		B8920A1023C7551300CF83FA /* Info.plist */ = {isa = PBXFileReference; lastKnownFileType = text.plist.xml; path = Info.plist; sourceTree = "<group>"; };
/* End PBXFileReference section */

/* Begin PBXFrameworksBuildPhase section */
		B89209F923C7551200CF83FA /* Frameworks */ = {
			isa = PBXFrameworksBuildPhase;
			buildActionMask = 2147483647;
			files = (
			);
			runOnlyForDeploymentPostprocessing = 0;
		};
/* End PBXFrameworksBuildPhase section */

/* Begin PBXGroup section */
		B89209F323C7551200CF83FA = {
			isa = PBXGroup;
			children = (
				B89209FE23C7551200CF83FA /* touchid */,
				B89209FD23C7551200CF83FA /* Products */,
			);
			sourceTree = "<group>";
		};
		B89209FD23C7551200CF83FA /* Products */ = {
			isa = PBXGroup;
			children = (
				B89209FC23C7551200CF83FA /* touchid.app */,
			);
			name = Products;
			sourceTree = "<group>";
		};
		B89209FE23C7551200CF83FA /* touchid */ = {
			isa = PBXGroup;
			children = (
				B89209FF23C7551200CF83FA /* AppDelegate.swift */,
				B8920A0123C7551200CF83FA /* SceneDelegate.swift */,
				B8920A0623C7551200CF83FA /* ContentView.swift */,
				B8920A0823C7551300CF83FA /* Assets.xcassets */,
				B8920A0D23C7551300CF83FA /* LaunchScreen.storyboard */,
				B8920A1023C7551300CF83FA /* Info.plist */,
				B8920A0323C7551200CF83FA /* touchid.xcdatamodeld */,
				B8920A0A23C7551300CF83FA /* Preview Content */,
			);
			path = touchid;
			sourceTree = "<group>";
		};
		B8920A0A23C7551300CF83FA /* Preview Content */ = {
			isa = PBXGroup;
			children = (
				B8920A0B23C7551300CF83FA /* Preview Assets.xcassets */,
			);
			path = "Preview Content";
			sourceTree = "<group>";
		};
/* End PBXGroup section */

/* Begin PBXNativeTarget section */
		B89209FB23C7551200CF83FA /* touchid */ = {
			isa = PBXNativeTarget;
			buildConfigurationList = B8920A1323C7551300CF83FA /* Build configuration list for PBXNativeTarget "touchid" */;
			buildPhases = (
				B89209F823C7551200CF83FA /* Sources */,
				B89209F923C7551200CF83FA /* Frameworks */,
				B89209FA23C7551200CF83FA /* Resources */,
			);
			buildRules = (
			);
			dependencies = (
			);
			name = touchid;
			productName = touchid;
			productReference = B89209FC23C7551200CF83FA /* touchid.app */;
			productType = "com.apple.product-type.application";
		};
/* End PBXNativeTarget section */

/* Begin PBXProject section */
		B89209F423C7551200CF83FA /* Project object */ = {
			isa = PBXProject;
			attributes = {
				LastSwiftUpdateCheck = 1120;
				LastUpgradeCheck = 1120;
				ORGANIZATIONNAME = HidekiMachida;
				TargetAttributes = {
					B89209FB23C7551200CF83FA = {
						CreatedOnToolsVersion = 11.2.1;
					};
				};
			};
			buildConfigurationList = B89209F723C7551200CF83FA /* Build configuration list for PBXProject "touchid" */;
			compatibilityVersion = "Xcode 9.3";
			developmentRegion = en;
			hasScannedForEncodings = 0;
			knownRegions = (
				en,
				Base,
			);
			mainGroup = B89209F323C7551200CF83FA;
			productRefGroup = B89209FD23C7551200CF83FA /* Products */;
			projectDirPath = "";
			projectRoot = "";
			targets = (
				B89209FB23C7551200CF83FA /* touchid */,
			);
		};
/* End PBXProject section */

/* Begin PBXResourcesBuildPhase section */
		B89209FA23C7551200CF83FA /* Resources */ = {
			isa = PBXResourcesBuildPhase;
			buildActionMask = 2147483647;
			files = (
				B8920A0F23C7551300CF83FA /* LaunchScreen.storyboard in Resources */,
				B8920A0C23C7551300CF83FA /* Preview Assets.xcassets in Resources */,
				B8920A0923C7551300CF83FA /* Assets.xcassets in Resources */,
			);
			runOnlyForDeploymentPostprocessing = 0;
		};
/* End PBXResourcesBuildPhase section */

/* Begin PBXSourcesBuildPhase section */
		B89209F823C7551200CF83FA /* Sources */ = {
			isa = PBXSourcesBuildPhase;
			buildActionMask = 2147483647;
			files = (
				B8920A0523C7551200CF83FA /* touchid.xcdatamodeld in Sources */,
				B8920A0023C7551200CF83FA /* AppDelegate.swift in Sources */,
				B8920A0723C7551200CF83FA /* ContentView.swift in Sources */,
				B8920A0223C7551200CF83FA /* SceneDelegate.swift in Sources */,
			);
			runOnlyForDeploymentPostprocessing = 0;
		};
/* End PBXSourcesBuildPhase section */

/* Begin PBXVariantGroup section */
		B8920A0D23C7551300CF83FA /* LaunchScreen.storyboard */ = {
			isa = PBXVariantGroup;
			children = (
				B8920A0E23C7551300CF83FA /* Base */,
			);
			name = LaunchScreen.storyboard;
			sourceTree = "<group>";
		};
/* End PBXVariantGroup section */

/* Begin XCBuildConfiguration section */
		B8920A1123C7551300CF83FA /* Debug */ = {
			isa = XCBuildConfiguration;
			buildSettings = {
				ALWAYS_SEARCH_USER_PATHS = NO;
				CLANG_ANALYZER_NONNULL = YES;
				CLANG_ANALYZER_NUMBER_OBJECT_CONVERSION = YES_AGGRESSIVE;
				CLANG_CXX_LANGUAGE_STANDARD = "gnu++14";
				CLANG_CXX_LIBRARY = "libc++";
				CLANG_ENABLE_MODULES = YES;
				CLANG_ENABLE_OBJC_ARC = YES;
				CLANG_ENABLE_OBJC_WEAK = YES;
				CLANG_WARN_BLOCK_CAPTURE_AUTORELEASING = YES;
				CLANG_WARN_BOOL_CONVERSION = YES;
				CLANG_WARN_COMMA = YES;
				CLANG_WARN_CONSTANT_CONVERSION = YES;
				CLANG_WARN_DEPRECATED_OBJC_IMPLEMENTATIONS = YES;
				CLANG_WARN_DIRECT_OBJC_ISA_USAGE = YES_ERROR;
				CLANG_WARN_DOCUMENTATION_COMMENTS = YES;
				CLANG_WARN_EMPTY_BODY = YES;
				CLANG_WARN_ENUM_CONVERSION = YES;
				CLANG_WARN_INFINITE_RECURSION = YES;
				CLANG_WARN_INT_CONVERSION = YES;
				CLANG_WARN_NON_LITERAL_NULL_CONVERSION = YES;
				CLANG_WARN_OBJC_IMPLICIT_RETAIN_SELF = YES;
				CLANG_WARN_OBJC_LITERAL_CONVERSION = YES;
				CLANG_WARN_OBJC_ROOT_CLASS = YES_ERROR;
				CLANG_WARN_RANGE_LOOP_ANALYSIS = YES;
				CLANG_WARN_STRICT_PROTOTYPES = YES;
				CLANG_WARN_SUSPICIOUS_MOVE = YES;
				CLANG_WARN_UNGUARDED_AVAILABILITY = YES_AGGRESSIVE;
				CLANG_WARN_UNREACHABLE_CODE = YES;
				CLANG_WARN__DUPLICATE_METHOD_MATCH = YES;
				COPY_PHASE_STRIP = NO;
				DEBUG_INFORMATION_FORMAT = dwarf;
				ENABLE_STRICT_OBJC_MSGSEND = YES;
				ENABLE_TESTABILITY = YES;
				GCC_C_LANGUAGE_STANDARD = gnu11;
				GCC_DYNAMIC_NO_PIC = NO;
				GCC_NO_COMMON_BLOCKS = YES;
				GCC_OPTIMIZATION_LEVEL = 0;
				GCC_PREPROCESSOR_DEFINITIONS = (
					"DEBUG=1",
					"$(inherited)",
				);
				GCC_WARN_64_TO_32_BIT_CONVERSION = YES;
				GCC_WARN_ABOUT_RETURN_TYPE = YES_ERROR;
				GCC_WARN_UNDECLARED_SELECTOR = YES;
				GCC_WARN_UNINITIALIZED_AUTOS = YES_AGGRESSIVE;
				GCC_WARN_UNUSED_FUNCTION = YES;
				GCC_WARN_UNUSED_VARIABLE = YES;
				IPHONEOS_DEPLOYMENT_TARGET = 13.2;
				MTL_ENABLE_DEBUG_INFO = INCLUDE_SOURCE;
				MTL_FAST_MATH = YES;
				ONLY_ACTIVE_ARCH = YES;
				SDKROOT = iphoneos;
				SWIFT_ACTIVE_COMPILATION_CONDITIONS = DEBUG;
				SWIFT_OPTIMIZATION_LEVEL = "-Onone";
			};
			name = Debug;
		};
		B8920A1223C7551300CF83FA /* Release */ = {
			isa = XCBuildConfiguration;
			buildSettings = {
				ALWAYS_SEARCH_USER_PATHS = NO;
				CLANG_ANALYZER_NONNULL = YES;
				CLANG_ANALYZER_NUMBER_OBJECT_CONVERSION = YES_AGGRESSIVE;
				CLANG_CXX_LANGUAGE_STANDARD = "gnu++14";
				CLANG_CXX_LIBRARY = "libc++";
				CLANG_ENABLE_MODULES = YES;
				CLANG_ENABLE_OBJC_ARC = YES;
				CLANG_ENABLE_OBJC_WEAK = YES;
				CLANG_WARN_BLOCK_CAPTURE_AUTORELEASING = YES;
				CLANG_WARN_BOOL_CONVERSION = YES;
				CLANG_WARN_COMMA = YES;
				CLANG_WARN_CONSTANT_CONVERSION = YES;
				CLANG_WARN_DEPRECATED_OBJC_IMPLEMENTATIONS = YES;
				CLANG_WARN_DIRECT_OBJC_ISA_USAGE = YES_ERROR;
				CLANG_WARN_DOCUMENTATION_COMMENTS = YES;
				CLANG_WARN_EMPTY_BODY = YES;
				CLANG_WARN_ENUM_CONVERSION = YES;
				CLANG_WARN_INFINITE_RECURSION = YES;
				CLANG_WARN_INT_CONVERSION = YES;
				CLANG_WARN_NON_LITERAL_NULL_CONVERSION = YES;
				CLANG_WARN_OBJC_IMPLICIT_RETAIN_SELF = YES;
				CLANG_WARN_OBJC_LITERAL_CONVERSION = YES;
				CLANG_WARN_OBJC_ROOT_CLASS = YES_ERROR;
				CLANG_WARN_RANGE_LOOP_ANALYSIS = YES;
				CLANG_WARN_STRICT_PROTOTYPES = YES;
				CLANG_WARN_SUSPICIOUS_MOVE = YES;
				CLANG_WARN_UNGUARDED_AVAILABILITY = YES_AGGRESSIVE;
				CLANG_WARN_UNREACHABLE_CODE = YES;
				CLANG_WARN__DUPLICATE_METHOD_MATCH = YES;
				COPY_PHASE_STRIP = NO;
				DEBUG_INFORMATION_FORMAT = "dwarf-with-dsym";
				ENABLE_NS_ASSERTIONS = NO;
				ENABLE_STRICT_OBJC_MSGSEND = YES;
				GCC_C_LANGUAGE_STANDARD = gnu11;
				GCC_NO_COMMON_BLOCKS = YES;
				GCC_WARN_64_TO_32_BIT_CONVERSION = YES;
				GCC_WARN_ABOUT_RETURN_TYPE = YES_ERROR;
				GCC_WARN_UNDECLARED_SELECTOR = YES;
				GCC_WARN_UNINITIALIZED_AUTOS = YES_AGGRESSIVE;
				GCC_WARN_UNUSED_FUNCTION = YES;
				GCC_WARN_UNUSED_VARIABLE = YES;
				IPHONEOS_DEPLOYMENT_TARGET = 13.2;
				MTL_ENABLE_DEBUG_INFO = NO;
				MTL_FAST_MATH = YES;
				SDKROOT = iphoneos;
				SWIFT_COMPILATION_MODE = wholemodule;
				SWIFT_OPTIMIZATION_LEVEL = "-O";
				VALIDATE_PRODUCT = YES;
			};
			name = Release;
		};
		B8920A1423C7551300CF83FA /* Debug */ = {
			isa = XCBuildConfiguration;
			buildSettings = {
				ASSETCATALOG_COMPILER_APPICON_NAME = AppIcon;
				CODE_SIGN_STYLE = Automatic;
				DEVELOPMENT_ASSET_PATHS = "\"touchid/Preview Content\"";
				DEVELOPMENT_TEAM = 822HL63RB2;
				ENABLE_PREVIEWS = YES;
				INFOPLIST_FILE = touchid/Info.plist;
				LD_RUNPATH_SEARCH_PATHS = (
					"$(inherited)",
					"@executable_path/Frameworks",
				);
				PRODUCT_BUNDLE_IDENTIFIER = "full55-icloud.com.touchid";
				PRODUCT_NAME = "$(TARGET_NAME)";
				SWIFT_VERSION = 5.0;
				TARGETED_DEVICE_FAMILY = "1,2";
			};
			name = Debug;
		};
		B8920A1523C7551300CF83FA /* Release */ = {
			isa = XCBuildConfiguration;
			buildSettings = {
				ASSETCATALOG_COMPILER_APPICON_NAME = AppIcon;
				CODE_SIGN_STYLE = Automatic;
				DEVELOPMENT_ASSET_PATHS = "\"touchid/Preview Content\"";
				DEVELOPMENT_TEAM = 822HL63RB2;
				ENABLE_PREVIEWS = YES;
				INFOPLIST_FILE = touchid/Info.plist;
				LD_RUNPATH_SEARCH_PATHS = (
					"$(inherited)",
					"@executable_path/Frameworks",
				);
				PRODUCT_BUNDLE_IDENTIFIER = "full55-icloud.com.touchid";
				PRODUCT_NAME = "$(TARGET_NAME)";
				SWIFT_VERSION = 5.0;
				TARGETED_DEVICE_FAMILY = "1,2";
			};
			name = Release;
		};
/* End XCBuildConfiguration section */

/* Begin XCConfigurationList section */
		B89209F723C7551200CF83FA /* Build configuration list for PBXProject "touchid" */ = {
			isa = XCConfigurationList;
			buildConfigurations = (
				B8920A1123C7551300CF83FA /* Debug */,
				B8920A1223C7551300CF83FA /* Release */,
			);
			defaultConfigurationIsVisible = 0;
			defaultConfigurationName = Release;
		};
		B8920A1323C7551300CF83FA /* Build configuration list for PBXNativeTarget "touchid" */ = {
			isa = XCConfigurationList;
			buildConfigurations = (
				B8920A1423C7551300CF83FA /* Debug */,
				B8920A1523C7551300CF83FA /* Release */,
			);
			defaultConfigurationIsVisible = 0;
			defaultConfigurationName = Release;
		};
/* End XCConfigurationList section */

/* Begin XCVersionGroup section */
		B8920A0323C7551200CF83FA /* touchid.xcdatamodeld */ = {
			isa = XCVersionGroup;
			children = (
				B8920A0423C7551200CF83FA /* touchid.xcdatamodel */,
			);
			currentVersion = B8920A0423C7551200CF83FA /* touchid.xcdatamodel */;
			path = touchid.xcdatamodeld;
			sourceTree = "<group>";
			versionGroupType = wrapper.xcdatamodel;
		};
/* End XCVersionGroup section */
	};
	rootObject = B89209F423C7551200CF83FA /* Project object */;
}
